
Microsoft Visual Studio Solution File, Format Version 12.00
# Visual Studio Version 16
VisualStudioVersion = 16.0.30717.126
MinimumVisualStudioVersion = 10.0.40219.1
Project("{FAE04EC0-301F-11D3-BF4B-00C04F79EFBC}") = "AgendaAPI", "AgendaAPI\AgendaAPI.csproj", "{4E6B6CCF-CAE8-4625-9568-DABE1F22DFBC}"
EndProject
Global
	GlobalSection(SolutionConfigurationPlatforms) = preSolution
		Debug|Any CPU = Debug|Any CPU
		Release|Any CPU = Release|Any CPU
	EndGlobalSection
	GlobalSection(ProjectConfigurationPlatforms) = postSolution
		{4E6B6CCF-CAE8-4625-9568-DABE1F22DFBC}.Debug|Any CPU.ActiveCfg = Debug|Any CPU
		{4E6B6CCF-CAE8-4625-9568-DABE1F22DFBC}.Debug|Any CPU.Build.0 = Debug|Any CPU
		{4E6B6CCF-CAE8-4625-9568-DABE1F22DFBC}.Release|Any CPU.ActiveCfg = Release|Any CPU
		{4E6B6CCF-CAE8-4625-9568-DABE1F22DFBC}.Release|Any CPU.Build.0 = Release|Any CPU
	EndGlobalSection
	GlobalSection(SolutionProperties) = preSolution
		HideSolutionNode = FALSE
	EndGlobalSection
	GlobalSection(ExtensibilityGlobals) = postSolution
		SolutionGuid = {E6DA2C01-FCDF-4E0E-AEBD-EE4F0F0FA11F}
	EndGlobalSection
EndGlobal
